
Microsoft Visual Studio Solution File, Format Version 12.00
# Visual Studio Version 16
VisualStudioVersion = 16.0.32901.82
MinimumVisualStudioVersion = 10.0.40219.1
Project("{FAE04EC0-301F-11D3-BF4B-00C04F79EFBC}") = "Dz2.1", "Dz2.1\Dz2.1.csproj", "{938CD9F2-80EA-41DD-8BEC-2C65379B3F31}"
EndProject
Global
	GlobalSection(SolutionConfigurationPlatforms) = preSolution
		Debug|Any CPU = Debug|Any CPU
		Release|Any CPU = Release|Any CPU
	EndGlobalSection
	GlobalSection(ProjectConfigurationPlatforms) = postSolution
		{938CD9F2-80EA-41DD-8BEC-2C65379B3F31}.Debug|Any CPU.ActiveCfg = Debug|Any CPU
		{938CD9F2-80EA-41DD-8BEC-2C65379B3F31}.Debug|Any CPU.Build.0 = Debug|Any CPU
		{938CD9F2-80EA-41DD-8BEC-2C65379B3F31}.Release|Any CPU.ActiveCfg = Release|Any CPU
		{938CD9F2-80EA-41DD-8BEC-2C65379B3F31}.Release|Any CPU.Build.0 = Release|Any CPU
	EndGlobalSection
	GlobalSection(SolutionProperties) = preSolution
		HideSolutionNode = FALSE
	EndGlobalSection
	GlobalSection(ExtensibilityGlobals) = postSolution
		SolutionGuid = {8670F084-F020-4283-846C-1A6EF1332846}
	EndGlobalSection
EndGlobal
